
Microsoft Visual Studio Solution File, Format Version 12.00
# Visual Studio 14
VisualStudioVersion = 14.0.23107.0
MinimumVisualStudioVersion = 10.0.40219.1
Project("{FAE04EC0-301F-11D3-BF4B-00C04F79EFBC}") = "Bancolombia", "Bancolombia\Bancolombia.csproj", "{62A4A994-FD2B-4946-9E6F-80EE365221E3}"
EndProject
Project("{2150E333-8FDC-42A3-9474-1A3956D46DE8}") = "Presentacion", "Presentacion", "{820F519E-8313-43B2-843E-8EB4A6D5E5F4}"
EndProject
Project("{2150E333-8FDC-42A3-9474-1A3956D46DE8}") = "Negocio", "Negocio", "{7025B073-165C-4FBF-9037-FEF979EBFD66}"
EndProject
Project("{2150E333-8FDC-42A3-9474-1A3956D46DE8}") = "Soporte", "Soporte", "{0302E9B3-C3FA-4767-BEB7-95384940569E}"
EndProject
Project("{FAE04EC0-301F-11D3-BF4B-00C04F79EFBC}") = "Entidades", "Entidades\Entidades.csproj", "{EF5A837C-DD77-4A2C-B4C6-3077F2EC9F60}"
EndProject
Project("{FAE04EC0-301F-11D3-BF4B-00C04F79EFBC}") = "Maestros", "Maestros\Maestros.csproj", "{2A8A6861-1813-43F5-A856-C341E52D6007}"
EndProject
Project("{FAE04EC0-301F-11D3-BF4B-00C04F79EFBC}") = "Datos", "Datos\Datos.csproj", "{1BE99DA2-AC9D-48E2-AF82-70BE1FF59A8E}"
EndProject
Global
	GlobalSection(SolutionConfigurationPlatforms) = preSolution
		Debug|Any CPU = Debug|Any CPU
		Debug|ARM = Debug|ARM
		Debug|x86 = Debug|x86
		Release|Any CPU = Release|Any CPU
		Release|ARM = Release|ARM
		Release|x86 = Release|x86
	EndGlobalSection
	GlobalSection(ProjectConfigurationPlatforms) = postSolution
		{62A4A994-FD2B-4946-9E6F-80EE365221E3}.Debug|Any CPU.ActiveCfg = Debug|Any CPU
		{62A4A994-FD2B-4946-9E6F-80EE365221E3}.Debug|Any CPU.Build.0 = Debug|Any CPU
		{62A4A994-FD2B-4946-9E6F-80EE365221E3}.Debug|Any CPU.Deploy.0 = Debug|Any CPU
		{62A4A994-FD2B-4946-9E6F-80EE365221E3}.Debug|ARM.ActiveCfg = Debug|ARM
		{62A4A994-FD2B-4946-9E6F-80EE365221E3}.Debug|ARM.Build.0 = Debug|ARM
		{62A4A994-FD2B-4946-9E6F-80EE365221E3}.Debug|ARM.Deploy.0 = Debug|ARM
		{62A4A994-FD2B-4946-9E6F-80EE365221E3}.Debug|x86.ActiveCfg = Debug|x86
		{62A4A994-FD2B-4946-9E6F-80EE365221E3}.Debug|x86.Build.0 = Debug|x86
		{62A4A994-FD2B-4946-9E6F-80EE365221E3}.Debug|x86.Deploy.0 = Debug|x86
		{62A4A994-FD2B-4946-9E6F-80EE365221E3}.Release|Any CPU.ActiveCfg = Release|Any CPU
		{62A4A994-FD2B-4946-9E6F-80EE365221E3}.Release|Any CPU.Build.0 = Release|Any CPU
		{62A4A994-FD2B-4946-9E6F-80EE365221E3}.Release|Any CPU.Deploy.0 = Release|Any CPU
		{62A4A994-FD2B-4946-9E6F-80EE365221E3}.Release|ARM.ActiveCfg = Release|ARM
		{62A4A994-FD2B-4946-9E6F-80EE365221E3}.Release|ARM.Build.0 = Release|ARM
		{62A4A994-FD2B-4946-9E6F-80EE365221E3}.Release|ARM.Deploy.0 = Release|ARM
		{62A4A994-FD2B-4946-9E6F-80EE365221E3}.Release|x86.ActiveCfg = Release|x86
		{62A4A994-FD2B-4946-9E6F-80EE365221E3}.Release|x86.Build.0 = Release|x86
		{62A4A994-FD2B-4946-9E6F-80EE365221E3}.Release|x86.Deploy.0 = Release|x86
		{EF5A837C-DD77-4A2C-B4C6-3077F2EC9F60}.Debug|Any CPU.ActiveCfg = Debug|Any CPU
		{EF5A837C-DD77-4A2C-B4C6-3077F2EC9F60}.Debug|Any CPU.Build.0 = Debug|Any CPU
		{EF5A837C-DD77-4A2C-B4C6-3077F2EC9F60}.Debug|ARM.ActiveCfg = Debug|ARM
		{EF5A837C-DD77-4A2C-B4C6-3077F2EC9F60}.Debug|ARM.Build.0 = Debug|ARM
		{EF5A837C-DD77-4A2C-B4C6-3077F2EC9F60}.Debug|x86.ActiveCfg = Debug|x86
		{EF5A837C-DD77-4A2C-B4C6-3077F2EC9F60}.Debug|x86.Build.0 = Debug|x86
		{EF5A837C-DD77-4A2C-B4C6-3077F2EC9F60}.Release|Any CPU.ActiveCfg = Release|Any CPU
		{EF5A837C-DD77-4A2C-B4C6-3077F2EC9F60}.Release|Any CPU.Build.0 = Release|Any CPU
		{EF5A837C-DD77-4A2C-B4C6-3077F2EC9F60}.Release|ARM.ActiveCfg = Release|ARM
		{EF5A837C-DD77-4A2C-B4C6-3077F2EC9F60}.Release|ARM.Build.0 = Release|ARM
		{EF5A837C-DD77-4A2C-B4C6-3077F2EC9F60}.Release|x86.ActiveCfg = Release|x86
		{EF5A837C-DD77-4A2C-B4C6-3077F2EC9F60}.Release|x86.Build.0 = Release|x86
		{2A8A6861-1813-43F5-A856-C341E52D6007}.Debug|Any CPU.ActiveCfg = Debug|Any CPU
		{2A8A6861-1813-43F5-A856-C341E52D6007}.Debug|Any CPU.Build.0 = Debug|Any CPU
		{2A8A6861-1813-43F5-A856-C341E52D6007}.Debug|ARM.ActiveCfg = Debug|ARM
		{2A8A6861-1813-43F5-A856-C341E52D6007}.Debug|ARM.Build.0 = Debug|ARM
		{2A8A6861-1813-43F5-A856-C341E52D6007}.Debug|x86.ActiveCfg = Debug|x86
		{2A8A6861-1813-43F5-A856-C341E52D6007}.Debug|x86.Build.0 = Debug|x86
		{2A8A6861-1813-43F5-A856-C341E52D6007}.Release|Any CPU.ActiveCfg = Release|Any CPU
		{2A8A6861-1813-43F5-A856-C341E52D6007}.Release|Any CPU.Build.0 = Release|Any CPU
		{2A8A6861-1813-43F5-A856-C341E52D6007}.Release|ARM.ActiveCfg = Release|ARM
		{2A8A6861-1813-43F5-A856-C341E52D6007}.Release|ARM.Build.0 = Release|ARM
		{2A8A6861-1813-43F5-A856-C341E52D6007}.Release|x86.ActiveCfg = Release|x86
		{2A8A6861-1813-43F5-A856-C341E52D6007}.Release|x86.Build.0 = Release|x86
		{1BE99DA2-AC9D-48E2-AF82-70BE1FF59A8E}.Debug|Any CPU.ActiveCfg = Debug|Any CPU
		{1BE99DA2-AC9D-48E2-AF82-70BE1FF59A8E}.Debug|Any CPU.Build.0 = Debug|Any CPU
		{1BE99DA2-AC9D-48E2-AF82-70BE1FF59A8E}.Debug|ARM.ActiveCfg = Debug|ARM
		{1BE99DA2-AC9D-48E2-AF82-70BE1FF59A8E}.Debug|ARM.Build.0 = Debug|ARM
		{1BE99DA2-AC9D-48E2-AF82-70BE1FF59A8E}.Debug|x86.ActiveCfg = Debug|x86
		{1BE99DA2-AC9D-48E2-AF82-70BE1FF59A8E}.Debug|x86.Build.0 = Debug|x86
		{1BE99DA2-AC9D-48E2-AF82-70BE1FF59A8E}.Release|Any CPU.ActiveCfg = Release|Any CPU
		{1BE99DA2-AC9D-48E2-AF82-70BE1FF59A8E}.Release|Any CPU.Build.0 = Release|Any CPU
		{1BE99DA2-AC9D-48E2-AF82-70BE1FF59A8E}.Release|ARM.ActiveCfg = Release|ARM
		{1BE99DA2-AC9D-48E2-AF82-70BE1FF59A8E}.Release|ARM.Build.0 = Release|ARM
		{1BE99DA2-AC9D-48E2-AF82-70BE1FF59A8E}.Release|x86.ActiveCfg = Release|x86
		{1BE99DA2-AC9D-48E2-AF82-70BE1FF59A8E}.Release|x86.Build.0 = Release|x86
	EndGlobalSection
	GlobalSection(SolutionProperties) = preSolution
		HideSolutionNode = FALSE
	EndGlobalSection
	GlobalSection(NestedProjects) = preSolution
		{62A4A994-FD2B-4946-9E6F-80EE365221E3} = {820F519E-8313-43B2-843E-8EB4A6D5E5F4}
		{EF5A837C-DD77-4A2C-B4C6-3077F2EC9F60} = {7025B073-165C-4FBF-9037-FEF979EBFD66}
		{2A8A6861-1813-43F5-A856-C341E52D6007} = {7025B073-165C-4FBF-9037-FEF979EBFD66}
		{1BE99DA2-AC9D-48E2-AF82-70BE1FF59A8E} = {0302E9B3-C3FA-4767-BEB7-95384940569E}
	EndGlobalSection
EndGlobal
